
Microsoft Visual Studio Solution File, Format Version 12.00
# Visual Studio Version 16
VisualStudioVersion = 16.0.30804.86
MinimumVisualStudioVersion = 10.0.40219.1
Project("{9A19103F-16F7-4668-BE54-9A1E7A4F7556}") = "WMF", "WildcatMicrofundWebsite\WMF.csproj", "{E2CB3589-4CB6-4A29-B48B-51412AD828B1}"
EndProject
Project("{9A19103F-16F7-4668-BE54-9A1E7A4F7556}") = "WMF.Models", "WildcatMicrofundWebsite.Models\WMF.Models.csproj", "{84D903A4-DECC-4AEB-9628-4AF5523F0736}"
EndProject
Project("{9A19103F-16F7-4668-BE54-9A1E7A4F7556}") = "WMF.Utility", "WildcatMicrofundWebsite.Utility\WMF.Utility.csproj", "{2509F15C-4285-4C79-BFFE-91A7EACE2768}"
	ProjectSection(ProjectDependencies) = postProject
		{84D903A4-DECC-4AEB-9628-4AF5523F0736} = {84D903A4-DECC-4AEB-9628-4AF5523F0736}
	EndProjectSection
EndProject
Project("{9A19103F-16F7-4668-BE54-9A1E7A4F7556}") = "WMF.DataAccess", "WildcatMicrofundWebsite.DataAccess\WMF.DataAccess.csproj", "{D7B7CA48-7770-4001-A1FD-A887D02DD0F5}"
EndProject
Global
	GlobalSection(SolutionConfigurationPlatforms) = preSolution
		Debug|Any CPU = Debug|Any CPU
		Debug|x64 = Debug|x64
		Debug|x86 = Debug|x86
		Release|Any CPU = Release|Any CPU
		Release|x64 = Release|x64
		Release|x86 = Release|x86
	EndGlobalSection
	GlobalSection(ProjectConfigurationPlatforms) = postSolution
		{E2CB3589-4CB6-4A29-B48B-51412AD828B1}.Debug|Any CPU.ActiveCfg = Debug|Any CPU
		{E2CB3589-4CB6-4A29-B48B-51412AD828B1}.Debug|Any CPU.Build.0 = Debug|Any CPU
		{E2CB3589-4CB6-4A29-B48B-51412AD828B1}.Debug|x64.ActiveCfg = Debug|Any CPU
		{E2CB3589-4CB6-4A29-B48B-51412AD828B1}.Debug|x64.Build.0 = Debug|Any CPU
		{E2CB3589-4CB6-4A29-B48B-51412AD828B1}.Debug|x86.ActiveCfg = Debug|Any CPU
		{E2CB3589-4CB6-4A29-B48B-51412AD828B1}.Debug|x86.Build.0 = Debug|Any CPU
		{E2CB3589-4CB6-4A29-B48B-51412AD828B1}.Release|Any CPU.ActiveCfg = Release|Any CPU
		{E2CB3589-4CB6-4A29-B48B-51412AD828B1}.Release|Any CPU.Build.0 = Release|Any CPU
		{E2CB3589-4CB6-4A29-B48B-51412AD828B1}.Release|x64.ActiveCfg = Release|Any CPU
		{E2CB3589-4CB6-4A29-B48B-51412AD828B1}.Release|x64.Build.0 = Release|Any CPU
		{E2CB3589-4CB6-4A29-B48B-51412AD828B1}.Release|x86.ActiveCfg = Release|Any CPU
		{E2CB3589-4CB6-4A29-B48B-51412AD828B1}.Release|x86.Build.0 = Release|Any CPU
		{84D903A4-DECC-4AEB-9628-4AF5523F0736}.Debug|Any CPU.ActiveCfg = Debug|Any CPU
		{84D903A4-DECC-4AEB-9628-4AF5523F0736}.Debug|Any CPU.Build.0 = Debug|Any CPU
		{84D903A4-DECC-4AEB-9628-4AF5523F0736}.Debug|x64.ActiveCfg = Debug|Any CPU
		{84D903A4-DECC-4AEB-9628-4AF5523F0736}.Debug|x64.Build.0 = Debug|Any CPU
		{84D903A4-DECC-4AEB-9628-4AF5523F0736}.Debug|x86.ActiveCfg = Debug|Any CPU
		{84D903A4-DECC-4AEB-9628-4AF5523F0736}.Debug|x86.Build.0 = Debug|Any CPU
		{84D903A4-DECC-4AEB-9628-4AF5523F0736}.Release|Any CPU.ActiveCfg = Release|Any CPU
		{84D903A4-DECC-4AEB-9628-4AF5523F0736}.Release|Any CPU.Build.0 = Release|Any CPU
		{84D903A4-DECC-4AEB-9628-4AF5523F0736}.Release|x64.ActiveCfg = Release|Any CPU
		{84D903A4-DECC-4AEB-9628-4AF5523F0736}.Release|x64.Build.0 = Release|Any CPU
		{84D903A4-DECC-4AEB-9628-4AF5523F0736}.Release|x86.ActiveCfg = Release|Any CPU
		{84D903A4-DECC-4AEB-9628-4AF5523F0736}.Release|x86.Build.0 = Release|Any CPU
		{2509F15C-4285-4C79-BFFE-91A7EACE2768}.Debug|Any CPU.ActiveCfg = Debug|Any CPU
		{2509F15C-4285-4C79-BFFE-91A7EACE2768}.Debug|Any CPU.Build.0 = Debug|Any CPU
		{2509F15C-4285-4C79-BFFE-91A7EACE2768}.Debug|x64.ActiveCfg = Debug|Any CPU
		{2509F15C-4285-4C79-BFFE-91A7EACE2768}.Debug|x64.Build.0 = Debug|Any CPU
		{2509F15C-4285-4C79-BFFE-91A7EACE2768}.Debug|x86.ActiveCfg = Debug|Any CPU
		{2509F15C-4285-4C79-BFFE-91A7EACE2768}.Debug|x86.Build.0 = Debug|Any CPU
		{2509F15C-4285-4C79-BFFE-91A7EACE2768}.Release|Any CPU.ActiveCfg = Release|Any CPU
		{2509F15C-4285-4C79-BFFE-91A7EACE2768}.Release|Any CPU.Build.0 = Release|Any CPU
		{2509F15C-4285-4C79-BFFE-91A7EACE2768}.Release|x64.ActiveCfg = Release|Any CPU
		{2509F15C-4285-4C79-BFFE-91A7EACE2768}.Release|x64.Build.0 = Release|Any CPU
		{2509F15C-4285-4C79-BFFE-91A7EACE2768}.Release|x86.ActiveCfg = Release|Any CPU
		{2509F15C-4285-4C79-BFFE-91A7EACE2768}.Release|x86.Build.0 = Release|Any CPU
		{D7B7CA48-7770-4001-A1FD-A887D02DD0F5}.Debug|Any CPU.ActiveCfg = Debug|Any CPU
		{D7B7CA48-7770-4001-A1FD-A887D02DD0F5}.Debug|Any CPU.Build.0 = Debug|Any CPU
		{D7B7CA48-7770-4001-A1FD-A887D02DD0F5}.Debug|x64.ActiveCfg = Debug|Any CPU
		{D7B7CA48-7770-4001-A1FD-A887D02DD0F5}.Debug|x64.Build.0 = Debug|Any CPU
		{D7B7CA48-7770-4001-A1FD-A887D02DD0F5}.Debug|x86.ActiveCfg = Debug|Any CPU
		{D7B7CA48-7770-4001-A1FD-A887D02DD0F5}.Debug|x86.Build.0 = Debug|Any CPU
		{D7B7CA48-7770-4001-A1FD-A887D02DD0F5}.Release|Any CPU.ActiveCfg = Release|Any CPU
		{D7B7CA48-7770-4001-A1FD-A887D02DD0F5}.Release|Any CPU.Build.0 = Release|Any CPU
		{D7B7CA48-7770-4001-A1FD-A887D02DD0F5}.Release|x64.ActiveCfg = Release|Any CPU
		{D7B7CA48-7770-4001-A1FD-A887D02DD0F5}.Release|x64.Build.0 = Release|Any CPU
		{D7B7CA48-7770-4001-A1FD-A887D02DD0F5}.Release|x86.ActiveCfg = Release|Any CPU
		{D7B7CA48-7770-4001-A1FD-A887D02DD0F5}.Release|x86.Build.0 = Release|Any CPU
	EndGlobalSection
	GlobalSection(SolutionProperties) = preSolution
		HideSolutionNode = FALSE
	EndGlobalSection
	GlobalSection(ExtensibilityGlobals) = postSolution
		SolutionGuid = {4088A18E-CAA0-47DB-86AE-8D833CB32C4D}
	EndGlobalSection
EndGlobal
